
Microsoft Visual Studio Solution File, Format Version 12.00
# Visual Studio Version 17
VisualStudioVersion = 17.0.31903.59
MinimumVisualStudioVersion = 10.0.40219.1
Project("{2150E333-8FDC-42A3-9474-1A3956D46DE8}") = "src", "src", "{31214140-B0FC-44A8-9DE2-8876D547D1AA}"
EndProject
Project("{9A19103F-16F7-4668-BE54-9A1E7A4F7556}") = "HackersGround.Workshop.Challenge.ConsoleApp", "src\HackersGround.Workshop.Challenge.ConsoleApp\HackersGround.Workshop.Challenge.ConsoleApp.csproj", "{55E9C78E-2DA0-4041-B283-27D17C8644E0}"
EndProject
Project("{2150E333-8FDC-42A3-9474-1A3956D46DE8}") = "test", "test", "{252E0E91-4E44-4073-A7D9-28672F0A095F}"
EndProject
Project("{FAE04EC0-301F-11D3-BF4B-00C04F79EFBC}") = "HackersGround.Workshop.Challenge.ConsoleApp.Tests", "test\HackersGround.Workshop.Challenge.ConsoleApp.Tests\HackersGround.Workshop.Challenge.ConsoleApp.Tests.csproj", "{033E7CB4-9490-4212-A4D5-F75003C09A9C}"
EndProject
Global
	GlobalSection(SolutionConfigurationPlatforms) = preSolution
		Debug|Any CPU = Debug|Any CPU
		Release|Any CPU = Release|Any CPU
	EndGlobalSection
	GlobalSection(ProjectConfigurationPlatforms) = postSolution
		{55E9C78E-2DA0-4041-B283-27D17C8644E0}.Debug|Any CPU.ActiveCfg = Debug|Any CPU
		{55E9C78E-2DA0-4041-B283-27D17C8644E0}.Debug|Any CPU.Build.0 = Debug|Any CPU
		{55E9C78E-2DA0-4041-B283-27D17C8644E0}.Release|Any CPU.ActiveCfg = Release|Any CPU
		{55E9C78E-2DA0-4041-B283-27D17C8644E0}.Release|Any CPU.Build.0 = Release|Any CPU
		{033E7CB4-9490-4212-A4D5-F75003C09A9C}.Debug|Any CPU.ActiveCfg = Debug|Any CPU
		{033E7CB4-9490-4212-A4D5-F75003C09A9C}.Debug|Any CPU.Build.0 = Debug|Any CPU
		{033E7CB4-9490-4212-A4D5-F75003C09A9C}.Release|Any CPU.ActiveCfg = Release|Any CPU
		{033E7CB4-9490-4212-A4D5-F75003C09A9C}.Release|Any CPU.Build.0 = Release|Any CPU
	EndGlobalSection
	GlobalSection(SolutionProperties) = preSolution
		HideSolutionNode = FALSE
	EndGlobalSection
	GlobalSection(NestedProjects) = preSolution
		{55E9C78E-2DA0-4041-B283-27D17C8644E0} = {31214140-B0FC-44A8-9DE2-8876D547D1AA}
		{033E7CB4-9490-4212-A4D5-F75003C09A9C} = {252E0E91-4E44-4073-A7D9-28672F0A095F}
	EndGlobalSection
EndGlobal
